
Microsoft Visual Studio Solution File, Format Version 12.00
# Visual Studio 14
VisualStudioVersion = 14.0.25420.1
MinimumVisualStudioVersion = 10.0.40219.1
Project("{FAE04EC0-301F-11D3-BF4B-00C04F79EFBC}") = "CQSAnalyzer", "CQSAnalyzer\CQSAnalyzer\CQSAnalyzer.csproj", "{48E6398D-2F07-48FF-9581-F82455298C59}"
EndProject
Project("{FAE04EC0-301F-11D3-BF4B-00C04F79EFBC}") = "CQSAnalyzer.Test", "CQSAnalyzer\CQSAnalyzer.Test\CQSAnalyzer.Test.csproj", "{3F17C675-F3BF-4029-83EC-AFBFC89319C8}"
EndProject
Project("{FAE04EC0-301F-11D3-BF4B-00C04F79EFBC}") = "CQSAnalyzer.Vsix", "CQSAnalyzer\CQSAnalyzer.Vsix\CQSAnalyzer.Vsix.csproj", "{9D320F9E-E653-41FB-9423-722EA9558AC1}"
EndProject
Global
	GlobalSection(SolutionConfigurationPlatforms) = preSolution
		Debug|Any CPU = Debug|Any CPU
		Release|Any CPU = Release|Any CPU
	EndGlobalSection
	GlobalSection(ProjectConfigurationPlatforms) = postSolution
		{48E6398D-2F07-48FF-9581-F82455298C59}.Debug|Any CPU.ActiveCfg = Debug|Any CPU
		{48E6398D-2F07-48FF-9581-F82455298C59}.Debug|Any CPU.Build.0 = Debug|Any CPU
		{48E6398D-2F07-48FF-9581-F82455298C59}.Release|Any CPU.ActiveCfg = Release|Any CPU
		{48E6398D-2F07-48FF-9581-F82455298C59}.Release|Any CPU.Build.0 = Release|Any CPU
		{3F17C675-F3BF-4029-83EC-AFBFC89319C8}.Debug|Any CPU.ActiveCfg = Debug|Any CPU
		{3F17C675-F3BF-4029-83EC-AFBFC89319C8}.Debug|Any CPU.Build.0 = Debug|Any CPU
		{3F17C675-F3BF-4029-83EC-AFBFC89319C8}.Release|Any CPU.ActiveCfg = Release|Any CPU
		{3F17C675-F3BF-4029-83EC-AFBFC89319C8}.Release|Any CPU.Build.0 = Release|Any CPU
		{9D320F9E-E653-41FB-9423-722EA9558AC1}.Debug|Any CPU.ActiveCfg = Debug|Any CPU
		{9D320F9E-E653-41FB-9423-722EA9558AC1}.Debug|Any CPU.Build.0 = Debug|Any CPU
		{9D320F9E-E653-41FB-9423-722EA9558AC1}.Release|Any CPU.ActiveCfg = Release|Any CPU
		{9D320F9E-E653-41FB-9423-722EA9558AC1}.Release|Any CPU.Build.0 = Release|Any CPU
	EndGlobalSection
	GlobalSection(SolutionProperties) = preSolution
		HideSolutionNode = FALSE
	EndGlobalSection
EndGlobal
